// !$*UTF8*$!
{
	archiveVersion = 1;
	classes = {
	};
	objectVersion = 55;
	objects = {

/* Begin PBXBuildFile section */
		23D6BE322B4E9A0B6DD5A23C /* libPods-Navigation.a in Frameworks */ = {isa = PBXBuildFile; fileRef = 48AC29857CA271DBF90FC156 /* libPods-Navigation.a */; };
		80F3FDCAAAD23954D08B20D0 /* libPods-StorageService.a in Frameworks */ = {isa = PBXBuildFile; fileRef = 53B4412CA936FB4A342EC356 /* libPods-StorageService.a */; };
		F615980E29C37C420052625F /* LogInViewController.swift in Sources */ = {isa = PBXBuildFile; fileRef = F615980D29C37C420052625F /* LogInViewController.swift */; };
		F615981F29CECCE70052625F /* ProfilePost.swift in Sources */ = {isa = PBXBuildFile; fileRef = F615981E29CECCE70052625F /* ProfilePost.swift */; };
		F615982729D1F9750052625F /* PostTableViewCell.swift in Sources */ = {isa = PBXBuildFile; fileRef = F615982629D1F9750052625F /* PostTableViewCell.swift */; };
		F615982929D5E17B0052625F /* TextFieldWithPadding.swift in Sources */ = {isa = PBXBuildFile; fileRef = F615982829D5E17B0052625F /* TextFieldWithPadding.swift */; };
		F67D728029FD1B47003DEE35 /* ProfilePhotos.swift in Sources */ = {isa = PBXBuildFile; fileRef = F67D727F29FD1B47003DEE35 /* ProfilePhotos.swift */; };
		F67D728A2A0A27E7003DEE35 /* StorageService.docc in Sources */ = {isa = PBXBuildFile; fileRef = F67D72892A0A27E7003DEE35 /* StorageService.docc */; };
		F67D72902A0A27E7003DEE35 /* StorageService.framework in Frameworks */ = {isa = PBXBuildFile; fileRef = F67D72862A0A27E7003DEE35 /* StorageService.framework */; };
		F67D72972A0A27E7003DEE35 /* StorageServiceTests.swift in Sources */ = {isa = PBXBuildFile; fileRef = F67D72962A0A27E7003DEE35 /* StorageServiceTests.swift */; };
		F67D72982A0A27E7003DEE35 /* StorageService.h in Headers */ = {isa = PBXBuildFile; fileRef = F67D72882A0A27E7003DEE35 /* StorageService.h */; settings = {ATTRIBUTES = (Public, ); }; };
		F67D729B2A0A27E7003DEE35 /* StorageService.framework in Frameworks */ = {isa = PBXBuildFile; fileRef = F67D72862A0A27E7003DEE35 /* StorageService.framework */; };
		F67D729C2A0A27E7003DEE35 /* StorageService.framework in Embed Frameworks */ = {isa = PBXBuildFile; fileRef = F67D72862A0A27E7003DEE35 /* StorageService.framework */; settings = {ATTRIBUTES = (CodeSignOnCopy, RemoveHeadersOnCopy, ); }; };
		F67D72A42A0A2834003DEE35 /* Post.swift in Sources */ = {isa = PBXBuildFile; fileRef = F698026B299D3975001ED7DE /* Post.swift */; };
		F6980252299BE2C2001ED7DE /* AppDelegate.swift in Sources */ = {isa = PBXBuildFile; fileRef = F6980251299BE2C2001ED7DE /* AppDelegate.swift */; };
		F6980254299BE2C2001ED7DE /* SceneDelegate.swift in Sources */ = {isa = PBXBuildFile; fileRef = F6980253299BE2C2001ED7DE /* SceneDelegate.swift */; };
		F6980256299BE2C2001ED7DE /* ViewController.swift in Sources */ = {isa = PBXBuildFile; fileRef = F6980255299BE2C2001ED7DE /* ViewController.swift */; };
		F698025B299BE2C3001ED7DE /* Assets.xcassets in Resources */ = {isa = PBXBuildFile; fileRef = F698025A299BE2C3001ED7DE /* Assets.xcassets */; };
		F698025E299BE2C3001ED7DE /* LaunchScreen.storyboard in Resources */ = {isa = PBXBuildFile; fileRef = F698025C299BE2C3001ED7DE /* LaunchScreen.storyboard */; };
		F6980266299BF4B6001ED7DE /* FeedViewController.swift in Sources */ = {isa = PBXBuildFile; fileRef = F6980265299BF4B6001ED7DE /* FeedViewController.swift */; };
		F698026A299D37C0001ED7DE /* PostViewController.swift in Sources */ = {isa = PBXBuildFile; fileRef = F6980269299D37C0001ED7DE /* PostViewController.swift */; };
		F698026E299E9476001ED7DE /* InfoViewController.swift in Sources */ = {isa = PBXBuildFile; fileRef = F698026D299E9476001ED7DE /* InfoViewController.swift */; };
		F698027229A232A9001ED7DE /* ProfileHeaderView.swift in Sources */ = {isa = PBXBuildFile; fileRef = F698027129A232A9001ED7DE /* ProfileHeaderView.swift */; };
		F698027429A2334F001ED7DE /* ProfileViewController.swift in Sources */ = {isa = PBXBuildFile; fileRef = F698027329A2334F001ED7DE /* ProfileViewController.swift */; };
		F6C83ADC2A10CDE400ED4819 /* iOSIntPackage in Frameworks */ = {isa = PBXBuildFile; productRef = F6C83ADB2A10CDE400ED4819 /* iOSIntPackage */; };
		F6E72DD529E3FF1B00232E04 /* PhotosTableViewCell.swift in Sources */ = {isa = PBXBuildFile; fileRef = F6E72DD429E3FF1B00232E04 /* PhotosTableViewCell.swift */; };
		F6E72DD929E4076A00232E04 /* PhotosViewController.swift in Sources */ = {isa = PBXBuildFile; fileRef = F6E72DD829E4076A00232E04 /* PhotosViewController.swift */; };
		F6E72DDB29E407D500232E04 /* PhotosCollectionViewCell.swift in Sources */ = {isa = PBXBuildFile; fileRef = F6E72DDA29E407D500232E04 /* PhotosCollectionViewCell.swift */; };
/* End PBXBuildFile section */

/* Begin PBXContainerItemProxy section */
		F67D72912A0A27E7003DEE35 /* PBXContainerItemProxy */ = {
			isa = PBXContainerItemProxy;
			containerPortal = F6980246299BE2C2001ED7DE /* Project object */;
			proxyType = 1;
			remoteGlobalIDString = F67D72852A0A27E7003DEE35;
			remoteInfo = StorageService;
		};
		F67D72932A0A27E7003DEE35 /* PBXContainerItemProxy */ = {
			isa = PBXContainerItemProxy;
			containerPortal = F6980246299BE2C2001ED7DE /* Project object */;
			proxyType = 1;
			remoteGlobalIDString = F698024D299BE2C2001ED7DE;
			remoteInfo = Navigation;
		};
		F67D72992A0A27E7003DEE35 /* PBXContainerItemProxy */ = {
			isa = PBXContainerItemProxy;
			containerPortal = F6980246299BE2C2001ED7DE /* Project object */;
			proxyType = 1;
			remoteGlobalIDString = F67D72852A0A27E7003DEE35;
			remoteInfo = StorageService;
		};
/* End PBXContainerItemProxy section */

/* Begin PBXCopyFilesBuildPhase section */
		F67D729D2A0A27E7003DEE35 /* Embed Frameworks */ = {
			isa = PBXCopyFilesBuildPhase;
			buildActionMask = 2147483647;
			dstPath = "";
			dstSubfolderSpec = 10;
			files = (
				F67D729C2A0A27E7003DEE35 /* StorageService.framework in Embed Frameworks */,
			);
			name = "Embed Frameworks";
			runOnlyForDeploymentPostprocessing = 0;
		};
/* End PBXCopyFilesBuildPhase section */

/* Begin PBXFileReference section */
		48AC29857CA271DBF90FC156 /* libPods-Navigation.a */ = {isa = PBXFileReference; explicitFileType = archive.ar; includeInIndex = 0; path = "libPods-Navigation.a"; sourceTree = BUILT_PRODUCTS_DIR; };
		53B4412CA936FB4A342EC356 /* libPods-StorageService.a */ = {isa = PBXFileReference; explicitFileType = archive.ar; includeInIndex = 0; path = "libPods-StorageService.a"; sourceTree = BUILT_PRODUCTS_DIR; };
		5D41D1C6C5B165B828C6EFF7 /* Pods-Navigation.debug.xcconfig */ = {isa = PBXFileReference; includeInIndex = 1; lastKnownFileType = text.xcconfig; name = "Pods-Navigation.debug.xcconfig"; path = "Target Support Files/Pods-Navigation/Pods-Navigation.debug.xcconfig"; sourceTree = "<group>"; };
		704AFEA0453C55CDB8CB1E1F /* Pods-StorageService.debug.xcconfig */ = {isa = PBXFileReference; includeInIndex = 1; lastKnownFileType = text.xcconfig; name = "Pods-StorageService.debug.xcconfig"; path = "Target Support Files/Pods-StorageService/Pods-StorageService.debug.xcconfig"; sourceTree = "<group>"; };
		747A536986BD5D5B23BEA7AA /* Pods-StorageService.release.xcconfig */ = {isa = PBXFileReference; includeInIndex = 1; lastKnownFileType = text.xcconfig; name = "Pods-StorageService.release.xcconfig"; path = "Target Support Files/Pods-StorageService/Pods-StorageService.release.xcconfig"; sourceTree = "<group>"; };
		C5C48C0C2E0DEE8D34738877 /* Pods-Navigation.release.xcconfig */ = {isa = PBXFileReference; includeInIndex = 1; lastKnownFileType = text.xcconfig; name = "Pods-Navigation.release.xcconfig"; path = "Target Support Files/Pods-Navigation/Pods-Navigation.release.xcconfig"; sourceTree = "<group>"; };
		F615980D29C37C420052625F /* LogInViewController.swift */ = {isa = PBXFileReference; lastKnownFileType = sourcecode.swift; path = LogInViewController.swift; sourceTree = "<group>"; };
		F615981E29CECCE70052625F /* ProfilePost.swift */ = {isa = PBXFileReference; lastKnownFileType = sourcecode.swift; path = ProfilePost.swift; sourceTree = "<group>"; };
		F615982629D1F9750052625F /* PostTableViewCell.swift */ = {isa = PBXFileReference; lastKnownFileType = sourcecode.swift; path = PostTableViewCell.swift; sourceTree = "<group>"; };
		F615982829D5E17B0052625F /* TextFieldWithPadding.swift */ = {isa = PBXFileReference; lastKnownFileType = sourcecode.swift; path = TextFieldWithPadding.swift; sourceTree = "<group>"; };
		F67D727F29FD1B47003DEE35 /* ProfilePhotos.swift */ = {isa = PBXFileReference; lastKnownFileType = sourcecode.swift; path = ProfilePhotos.swift; sourceTree = "<group>"; };
		F67D72862A0A27E7003DEE35 /* StorageService.framework */ = {isa = PBXFileReference; explicitFileType = wrapper.framework; includeInIndex = 0; path = StorageService.framework; sourceTree = BUILT_PRODUCTS_DIR; };
		F67D72882A0A27E7003DEE35 /* StorageService.h */ = {isa = PBXFileReference; lastKnownFileType = sourcecode.c.h; path = StorageService.h; sourceTree = "<group>"; };
		F67D72892A0A27E7003DEE35 /* StorageService.docc */ = {isa = PBXFileReference; lastKnownFileType = folder.documentationcatalog; path = StorageService.docc; sourceTree = "<group>"; };
		F67D728F2A0A27E7003DEE35 /* StorageServiceTests.xctest */ = {isa = PBXFileReference; explicitFileType = wrapper.cfbundle; includeInIndex = 0; path = StorageServiceTests.xctest; sourceTree = BUILT_PRODUCTS_DIR; };
		F67D72962A0A27E7003DEE35 /* StorageServiceTests.swift */ = {isa = PBXFileReference; lastKnownFileType = sourcecode.swift; path = StorageServiceTests.swift; sourceTree = "<group>"; };
		F698024E299BE2C2001ED7DE /* Navigation.app */ = {isa = PBXFileReference; explicitFileType = wrapper.application; includeInIndex = 0; path = Navigation.app; sourceTree = BUILT_PRODUCTS_DIR; };
		F6980251299BE2C2001ED7DE /* AppDelegate.swift */ = {isa = PBXFileReference; lastKnownFileType = sourcecode.swift; path = AppDelegate.swift; sourceTree = "<group>"; };
		F6980253299BE2C2001ED7DE /* SceneDelegate.swift */ = {isa = PBXFileReference; lastKnownFileType = sourcecode.swift; path = SceneDelegate.swift; sourceTree = "<group>"; };
		F6980255299BE2C2001ED7DE /* ViewController.swift */ = {isa = PBXFileReference; lastKnownFileType = sourcecode.swift; path = ViewController.swift; sourceTree = "<group>"; };
		F698025A299BE2C3001ED7DE /* Assets.xcassets */ = {isa = PBXFileReference; lastKnownFileType = folder.assetcatalog; path = Assets.xcassets; sourceTree = "<group>"; };
		F698025D299BE2C3001ED7DE /* Base */ = {isa = PBXFileReference; lastKnownFileType = file.storyboard; name = Base; path = Base.lproj/LaunchScreen.storyboard; sourceTree = "<group>"; };
		F698025F299BE2C3001ED7DE /* Info.plist */ = {isa = PBXFileReference; lastKnownFileType = text.plist.xml; path = Info.plist; sourceTree = "<group>"; };
		F6980265299BF4B6001ED7DE /* FeedViewController.swift */ = {isa = PBXFileReference; lastKnownFileType = sourcecode.swift; path = FeedViewController.swift; sourceTree = "<group>"; };
		F6980269299D37C0001ED7DE /* PostViewController.swift */ = {isa = PBXFileReference; lastKnownFileType = sourcecode.swift; path = PostViewController.swift; sourceTree = "<group>"; };
		F698026B299D3975001ED7DE /* Post.swift */ = {isa = PBXFileReference; lastKnownFileType = sourcecode.swift; path = Post.swift; sourceTree = "<group>"; };
		F698026D299E9476001ED7DE /* InfoViewController.swift */ = {isa = PBXFileReference; lastKnownFileType = sourcecode.swift; path = InfoViewController.swift; sourceTree = "<group>"; };
		F698027129A232A9001ED7DE /* ProfileHeaderView.swift */ = {isa = PBXFileReference; lastKnownFileType = sourcecode.swift; path = ProfileHeaderView.swift; sourceTree = "<group>"; };
		F698027329A2334F001ED7DE /* ProfileViewController.swift */ = {isa = PBXFileReference; lastKnownFileType = sourcecode.swift; path = ProfileViewController.swift; sourceTree = "<group>"; };
		F6E72DD429E3FF1B00232E04 /* PhotosTableViewCell.swift */ = {isa = PBXFileReference; lastKnownFileType = sourcecode.swift; path = PhotosTableViewCell.swift; sourceTree = "<group>"; };
		F6E72DD829E4076A00232E04 /* PhotosViewController.swift */ = {isa = PBXFileReference; lastKnownFileType = sourcecode.swift; path = PhotosViewController.swift; sourceTree = "<group>"; };
		F6E72DDA29E407D500232E04 /* PhotosCollectionViewCell.swift */ = {isa = PBXFileReference; lastKnownFileType = sourcecode.swift; path = PhotosCollectionViewCell.swift; sourceTree = "<group>"; };
/* End PBXFileReference section */

/* Begin PBXFrameworksBuildPhase section */
		F67D72832A0A27E7003DEE35 /* Frameworks */ = {
			isa = PBXFrameworksBuildPhase;
			buildActionMask = 2147483647;
			files = (
				80F3FDCAAAD23954D08B20D0 /* libPods-StorageService.a in Frameworks */,
			);
			runOnlyForDeploymentPostprocessing = 0;
		};
		F67D728C2A0A27E7003DEE35 /* Frameworks */ = {
			isa = PBXFrameworksBuildPhase;
			buildActionMask = 2147483647;
			files = (
				F67D72902A0A27E7003DEE35 /* StorageService.framework in Frameworks */,
			);
			runOnlyForDeploymentPostprocessing = 0;
		};
		F698024B299BE2C2001ED7DE /* Frameworks */ = {
			isa = PBXFrameworksBuildPhase;
			buildActionMask = 2147483647;
			files = (
				F6C83ADC2A10CDE400ED4819 /* iOSIntPackage in Frameworks */,
				F67D729B2A0A27E7003DEE35 /* StorageService.framework in Frameworks */,
				23D6BE322B4E9A0B6DD5A23C /* libPods-Navigation.a in Frameworks */,
			);
			runOnlyForDeploymentPostprocessing = 0;
		};
/* End PBXFrameworksBuildPhase section */

/* Begin PBXGroup section */
		B702B35978B28BEA9CCA2014 /* Frameworks */ = {
			isa = PBXGroup;
			children = (
				48AC29857CA271DBF90FC156 /* libPods-Navigation.a */,
				53B4412CA936FB4A342EC356 /* libPods-StorageService.a */,
			);
			name = Frameworks;
			sourceTree = "<group>";
		};
		CE68FA00D62E91C72C3535AB /* Pods */ = {
			isa = PBXGroup;
			children = (
				5D41D1C6C5B165B828C6EFF7 /* Pods-Navigation.debug.xcconfig */,
				C5C48C0C2E0DEE8D34738877 /* Pods-Navigation.release.xcconfig */,
				704AFEA0453C55CDB8CB1E1F /* Pods-StorageService.debug.xcconfig */,
				747A536986BD5D5B23BEA7AA /* Pods-StorageService.release.xcconfig */,
			);
			path = Pods;
			sourceTree = "<group>";
		};
		F615980F29C8BEF10052625F /* Post */ = {
			isa = PBXGroup;
			children = (
				F615981E29CECCE70052625F /* ProfilePost.swift */,
				F615982629D1F9750052625F /* PostTableViewCell.swift */,
				F615982829D5E17B0052625F /* TextFieldWithPadding.swift */,
				F6E72DD429E3FF1B00232E04 /* PhotosTableViewCell.swift */,
				F6E72DD829E4076A00232E04 /* PhotosViewController.swift */,
				F6E72DDA29E407D500232E04 /* PhotosCollectionViewCell.swift */,
				F67D727F29FD1B47003DEE35 /* ProfilePhotos.swift */,
			);
			path = Post;
			sourceTree = "<group>";
		};
		F67D72872A0A27E7003DEE35 /* StorageService */ = {
			isa = PBXGroup;
			children = (
				F698026B299D3975001ED7DE /* Post.swift */,
				F67D72882A0A27E7003DEE35 /* StorageService.h */,
				F67D72892A0A27E7003DEE35 /* StorageService.docc */,
			);
			path = StorageService;
			sourceTree = "<group>";
		};
		F67D72952A0A27E7003DEE35 /* StorageServiceTests */ = {
			isa = PBXGroup;
			children = (
				F67D72962A0A27E7003DEE35 /* StorageServiceTests.swift */,
			);
			path = StorageServiceTests;
			sourceTree = "<group>";
		};
		F6980245299BE2C2001ED7DE = {
			isa = PBXGroup;
			children = (
				F6980250299BE2C2001ED7DE /* Navigation */,
				F67D72872A0A27E7003DEE35 /* StorageService */,
				F67D72952A0A27E7003DEE35 /* StorageServiceTests */,
				F698024F299BE2C2001ED7DE /* Products */,
				CE68FA00D62E91C72C3535AB /* Pods */,
				B702B35978B28BEA9CCA2014 /* Frameworks */,
			);
			sourceTree = "<group>";
		};
		F698024F299BE2C2001ED7DE /* Products */ = {
			isa = PBXGroup;
			children = (
				F698024E299BE2C2001ED7DE /* Navigation.app */,
				F67D72862A0A27E7003DEE35 /* StorageService.framework */,
				F67D728F2A0A27E7003DEE35 /* StorageServiceTests.xctest */,
			);
			name = Products;
			sourceTree = "<group>";
		};
		F6980250299BE2C2001ED7DE /* Navigation */ = {
			isa = PBXGroup;
			children = (
				F615980F29C8BEF10052625F /* Post */,
				F698027029A23266001ED7DE /* Profile */,
				F6980251299BE2C2001ED7DE /* AppDelegate.swift */,
				F6980253299BE2C2001ED7DE /* SceneDelegate.swift */,
				F6980255299BE2C2001ED7DE /* ViewController.swift */,
				F698025A299BE2C3001ED7DE /* Assets.xcassets */,
				F698025C299BE2C3001ED7DE /* LaunchScreen.storyboard */,
				F698025F299BE2C3001ED7DE /* Info.plist */,
				F6980265299BF4B6001ED7DE /* FeedViewController.swift */,
				F6980269299D37C0001ED7DE /* PostViewController.swift */,
				F698026D299E9476001ED7DE /* InfoViewController.swift */,
			);
			path = Navigation;
			sourceTree = "<group>";
		};
		F698027029A23266001ED7DE /* Profile */ = {
			isa = PBXGroup;
			children = (
				F698027129A232A9001ED7DE /* ProfileHeaderView.swift */,
				F698027329A2334F001ED7DE /* ProfileViewController.swift */,
				F615980D29C37C420052625F /* LogInViewController.swift */,
			);
			path = Profile;
			sourceTree = "<group>";
		};
/* End PBXGroup section */

/* Begin PBXHeadersBuildPhase section */
		F67D72812A0A27E7003DEE35 /* Headers */ = {
			isa = PBXHeadersBuildPhase;
			buildActionMask = 2147483647;
			files = (
				F67D72982A0A27E7003DEE35 /* StorageService.h in Headers */,
			);
			runOnlyForDeploymentPostprocessing = 0;
		};
/* End PBXHeadersBuildPhase section */

/* Begin PBXNativeTarget section */
		F67D72852A0A27E7003DEE35 /* StorageService */ = {
			isa = PBXNativeTarget;
			buildConfigurationList = F67D72A22A0A27E7003DEE35 /* Build configuration list for PBXNativeTarget "StorageService" */;
			buildPhases = (
				401473F3253188A637F8A638 /* [CP] Check Pods Manifest.lock */,
				F67D72812A0A27E7003DEE35 /* Headers */,
				F67D72822A0A27E7003DEE35 /* Sources */,
				F67D72832A0A27E7003DEE35 /* Frameworks */,
				F67D72842A0A27E7003DEE35 /* Resources */,
			);
			buildRules = (
			);
			dependencies = (
			);
			name = StorageService;
			productName = StorageService;
			productReference = F67D72862A0A27E7003DEE35 /* StorageService.framework */;
			productType = "com.apple.product-type.framework";
		};
		F67D728E2A0A27E7003DEE35 /* StorageServiceTests */ = {
			isa = PBXNativeTarget;
			buildConfigurationList = F67D72A32A0A27E7003DEE35 /* Build configuration list for PBXNativeTarget "StorageServiceTests" */;
			buildPhases = (
				F67D728B2A0A27E7003DEE35 /* Sources */,
				F67D728C2A0A27E7003DEE35 /* Frameworks */,
				F67D728D2A0A27E7003DEE35 /* Resources */,
			);
			buildRules = (
			);
			dependencies = (
				F67D72922A0A27E7003DEE35 /* PBXTargetDependency */,
				F67D72942A0A27E7003DEE35 /* PBXTargetDependency */,
			);
			name = StorageServiceTests;
			productName = StorageServiceTests;
			productReference = F67D728F2A0A27E7003DEE35 /* StorageServiceTests.xctest */;
			productType = "com.apple.product-type.bundle.unit-test";
		};
		F698024D299BE2C2001ED7DE /* Navigation */ = {
			isa = PBXNativeTarget;
			buildConfigurationList = F6980262299BE2C3001ED7DE /* Build configuration list for PBXNativeTarget "Navigation" */;
			buildPhases = (
				BBA4BF5864B20E37E4ED03FE /* [CP] Check Pods Manifest.lock */,
				F698024A299BE2C2001ED7DE /* Sources */,
				F698024B299BE2C2001ED7DE /* Frameworks */,
				F698024C299BE2C2001ED7DE /* Resources */,
				F67D729D2A0A27E7003DEE35 /* Embed Frameworks */,
			);
			buildRules = (
			);
			dependencies = (
				F67D729A2A0A27E7003DEE35 /* PBXTargetDependency */,
			);
			name = Navigation;
			packageProductDependencies = (
				F6C83ADB2A10CDE400ED4819 /* iOSIntPackage */,
			);
			productName = Navigation;
			productReference = F698024E299BE2C2001ED7DE /* Navigation.app */;
			productType = "com.apple.product-type.application";
		};
/* End PBXNativeTarget section */

/* Begin PBXProject section */
		F6980246299BE2C2001ED7DE /* Project object */ = {
			isa = PBXProject;
			attributes = {
				BuildIndependentTargetsInParallel = 1;
				LastSwiftUpdateCheck = 1430;
				LastUpgradeCheck = 1420;
				TargetAttributes = {
					F67D72852A0A27E7003DEE35 = {
						CreatedOnToolsVersion = 14.3;
					};
					F67D728E2A0A27E7003DEE35 = {
						CreatedOnToolsVersion = 14.3;
						TestTargetID = F698024D299BE2C2001ED7DE;
					};
					F698024D299BE2C2001ED7DE = {
						CreatedOnToolsVersion = 14.2;
					};
				};
			};
			buildConfigurationList = F6980249299BE2C2001ED7DE /* Build configuration list for PBXProject "Navigation" */;
			compatibilityVersion = "Xcode 13.0";
			developmentRegion = en;
			hasScannedForEncodings = 0;
			knownRegions = (
				en,
				Base,
			);
			mainGroup = F6980245299BE2C2001ED7DE;
			packageReferences = (
				F6C83ADA2A10CDE400ED4819 /* XCRemoteSwiftPackageReference "iOSIntPackage" */,
			);
			productRefGroup = F698024F299BE2C2001ED7DE /* Products */;
			projectDirPath = "";
			projectRoot = "";
			targets = (
				F698024D299BE2C2001ED7DE /* Navigation */,
				F67D72852A0A27E7003DEE35 /* StorageService */,
				F67D728E2A0A27E7003DEE35 /* StorageServiceTests */,
			);
		};
/* End PBXProject section */

/* Begin PBXResourcesBuildPhase section */
		F67D72842A0A27E7003DEE35 /* Resources */ = {
			isa = PBXResourcesBuildPhase;
			buildActionMask = 2147483647;
			files = (
			);
			runOnlyForDeploymentPostprocessing = 0;
		};
		F67D728D2A0A27E7003DEE35 /* Resources */ = {
			isa = PBXResourcesBuildPhase;
			buildActionMask = 2147483647;
			files = (
			);
			runOnlyForDeploymentPostprocessing = 0;
		};
		F698024C299BE2C2001ED7DE /* Resources */ = {
			isa = PBXResourcesBuildPhase;
			buildActionMask = 2147483647;
			files = (
				F698025E299BE2C3001ED7DE /* LaunchScreen.storyboard in Resources */,
				F698025B299BE2C3001ED7DE /* Assets.xcassets in Resources */,
			);
			runOnlyForDeploymentPostprocessing = 0;
		};
/* End PBXResourcesBuildPhase section */

/* Begin PBXShellScriptBuildPhase section */
		401473F3253188A637F8A638 /* [CP] Check Pods Manifest.lock */ = {
			isa = PBXShellScriptBuildPhase;
			buildActionMask = 2147483647;
			files = (
			);
			inputFileListPaths = (
			);
			inputPaths = (
				"${PODS_PODFILE_DIR_PATH}/Podfile.lock",
				"${PODS_ROOT}/Manifest.lock",
			);
			name = "[CP] Check Pods Manifest.lock";
			outputFileListPaths = (
			);
			outputPaths = (
				"$(DERIVED_FILE_DIR)/Pods-StorageService-checkManifestLockResult.txt",
			);
			runOnlyForDeploymentPostprocessing = 0;
			shellPath = /bin/sh;
			shellScript = "diff \"${PODS_PODFILE_DIR_PATH}/Podfile.lock\" \"${PODS_ROOT}/Manifest.lock\" > /dev/null\nif [ $? != 0 ] ; then\n    # print error to STDERR\n    echo \"error: The sandbox is not in sync with the Podfile.lock. Run 'pod install' or update your CocoaPods installation.\" >&2\n    exit 1\nfi\n# This output is used by Xcode 'outputs' to avoid re-running this script phase.\necho \"SUCCESS\" > \"${SCRIPT_OUTPUT_FILE_0}\"\n";
			showEnvVarsInLog = 0;
		};
		BBA4BF5864B20E37E4ED03FE /* [CP] Check Pods Manifest.lock */ = {
			isa = PBXShellScriptBuildPhase;
			buildActionMask = 2147483647;
			files = (
			);
			inputFileListPaths = (
			);
			inputPaths = (
				"${PODS_PODFILE_DIR_PATH}/Podfile.lock",
				"${PODS_ROOT}/Manifest.lock",
			);
			name = "[CP] Check Pods Manifest.lock";
			outputFileListPaths = (
			);
			outputPaths = (
				"$(DERIVED_FILE_DIR)/Pods-Navigation-checkManifestLockResult.txt",
			);
			runOnlyForDeploymentPostprocessing = 0;
			shellPath = /bin/sh;
			shellScript = "diff \"${PODS_PODFILE_DIR_PATH}/Podfile.lock\" \"${PODS_ROOT}/Manifest.lock\" > /dev/null\nif [ $? != 0 ] ; then\n    # print error to STDERR\n    echo \"error: The sandbox is not in sync with the Podfile.lock. Run 'pod install' or update your CocoaPods installation.\" >&2\n    exit 1\nfi\n# This output is used by Xcode 'outputs' to avoid re-running this script phase.\necho \"SUCCESS\" > \"${SCRIPT_OUTPUT_FILE_0}\"\n";
			showEnvVarsInLog = 0;
		};
/* End PBXShellScriptBuildPhase section */

/* Begin PBXSourcesBuildPhase section */
		F67D72822A0A27E7003DEE35 /* Sources */ = {
			isa = PBXSourcesBuildPhase;
			buildActionMask = 2147483647;
			files = (
				F67D728A2A0A27E7003DEE35 /* StorageService.docc in Sources */,
				F67D72A42A0A2834003DEE35 /* Post.swift in Sources */,
			);
			runOnlyForDeploymentPostprocessing = 0;
		};
		F67D728B2A0A27E7003DEE35 /* Sources */ = {
			isa = PBXSourcesBuildPhase;
			buildActionMask = 2147483647;
			files = (
				F67D72972A0A27E7003DEE35 /* StorageServiceTests.swift in Sources */,
			);
			runOnlyForDeploymentPostprocessing = 0;
		};
		F698024A299BE2C2001ED7DE /* Sources */ = {
			isa = PBXSourcesBuildPhase;
			buildActionMask = 2147483647;
			files = (
				F67D728029FD1B47003DEE35 /* ProfilePhotos.swift in Sources */,
				F6E72DD529E3FF1B00232E04 /* PhotosTableViewCell.swift in Sources */,
				F6E72DD929E4076A00232E04 /* PhotosViewController.swift in Sources */,
				F698026A299D37C0001ED7DE /* PostViewController.swift in Sources */,
				F6980256299BE2C2001ED7DE /* ViewController.swift in Sources */,
				F698027429A2334F001ED7DE /* ProfileViewController.swift in Sources */,
				F615981F29CECCE70052625F /* ProfilePost.swift in Sources */,
				F615982929D5E17B0052625F /* TextFieldWithPadding.swift in Sources */,
				F6980252299BE2C2001ED7DE /* AppDelegate.swift in Sources */,
				F698027229A232A9001ED7DE /* ProfileHeaderView.swift in Sources */,
				F6980266299BF4B6001ED7DE /* FeedViewController.swift in Sources */,
				F698026E299E9476001ED7DE /* InfoViewController.swift in Sources */,
				F615980E29C37C420052625F /* LogInViewController.swift in Sources */,
				F6980254299BE2C2001ED7DE /* SceneDelegate.swift in Sources */,
				F6E72DDB29E407D500232E04 /* PhotosCollectionViewCell.swift in Sources */,
				F615982729D1F9750052625F /* PostTableViewCell.swift in Sources */,
			);
			runOnlyForDeploymentPostprocessing = 0;
		};
/* End PBXSourcesBuildPhase section */

/* Begin PBXTargetDependency section */
		F67D72922A0A27E7003DEE35 /* PBXTargetDependency */ = {
			isa = PBXTargetDependency;
			target = F67D72852A0A27E7003DEE35 /* StorageService */;
			targetProxy = F67D72912A0A27E7003DEE35 /* PBXContainerItemProxy */;
		};
		F67D72942A0A27E7003DEE35 /* PBXTargetDependency */ = {
			isa = PBXTargetDependency;
			target = F698024D299BE2C2001ED7DE /* Navigation */;
			targetProxy = F67D72932A0A27E7003DEE35 /* PBXContainerItemProxy */;
		};
		F67D729A2A0A27E7003DEE35 /* PBXTargetDependency */ = {
			isa = PBXTargetDependency;
			target = F67D72852A0A27E7003DEE35 /* StorageService */;
			targetProxy = F67D72992A0A27E7003DEE35 /* PBXContainerItemProxy */;
		};
/* End PBXTargetDependency section */

/* Begin PBXVariantGroup section */
		F698025C299BE2C3001ED7DE /* LaunchScreen.storyboard */ = {
			isa = PBXVariantGroup;
			children = (
				F698025D299BE2C3001ED7DE /* Base */,
			);
			name = LaunchScreen.storyboard;
			sourceTree = "<group>";
		};
/* End PBXVariantGroup section */

/* Begin XCBuildConfiguration section */
		F67D729E2A0A27E7003DEE35 /* Debug */ = {
			isa = XCBuildConfiguration;
			baseConfigurationReference = 704AFEA0453C55CDB8CB1E1F /* Pods-StorageService.debug.xcconfig */;
			buildSettings = {
				CODE_SIGN_STYLE = Automatic;
				CURRENT_PROJECT_VERSION = 1;
				DEFINES_MODULE = YES;
				DYLIB_COMPATIBILITY_VERSION = 1;
				DYLIB_CURRENT_VERSION = 1;
				DYLIB_INSTALL_NAME_BASE = "@rpath";
				ENABLE_MODULE_VERIFIER = YES;
				GENERATE_INFOPLIST_FILE = YES;
				INFOPLIST_KEY_NSHumanReadableCopyright = "";
				INSTALL_PATH = "$(LOCAL_LIBRARY_DIR)/Frameworks";
				IPHONEOS_DEPLOYMENT_TARGET = 13.0;
				LD_RUNPATH_SEARCH_PATHS = (
					"$(inherited)",
					"@executable_path/Frameworks",
					"@loader_path/Frameworks",
				);
				MARKETING_VERSION = 1.0;
				MODULE_VERIFIER_SUPPORTED_LANGUAGES = "objective-c objective-c++";
				MODULE_VERIFIER_SUPPORTED_LANGUAGE_STANDARDS = "gnu11 gnu++20";
				PRODUCT_BUNDLE_IDENTIFIER = "-.StorageService";
				PRODUCT_NAME = "$(TARGET_NAME:c99extidentifier)";
				SKIP_INSTALL = YES;
				SWIFT_EMIT_LOC_STRINGS = YES;
				SWIFT_VERSION = 5.0;
				TARGETED_DEVICE_FAMILY = "1,2";
				VERSIONING_SYSTEM = "apple-generic";
				VERSION_INFO_PREFIX = "";
			};
			name = Debug;
		};
		F67D729F2A0A27E7003DEE35 /* Release */ = {
			isa = XCBuildConfiguration;
			baseConfigurationReference = 747A536986BD5D5B23BEA7AA /* Pods-StorageService.release.xcconfig */;
			buildSettings = {
				CODE_SIGN_STYLE = Automatic;
				CURRENT_PROJECT_VERSION = 1;
				DEFINES_MODULE = YES;
				DYLIB_COMPATIBILITY_VERSION = 1;
				DYLIB_CURRENT_VERSION = 1;
				DYLIB_INSTALL_NAME_BASE = "@rpath";
				ENABLE_MODULE_VERIFIER = YES;
				GENERATE_INFOPLIST_FILE = YES;
				INFOPLIST_KEY_NSHumanReadableCopyright = "";
				INSTALL_PATH = "$(LOCAL_LIBRARY_DIR)/Frameworks";
				IPHONEOS_DEPLOYMENT_TARGET = 13.0;
				LD_RUNPATH_SEARCH_PATHS = (
					"$(inherited)",
					"@executable_path/Frameworks",
					"@loader_path/Frameworks",
				);
				MARKETING_VERSION = 1.0;
				MODULE_VERIFIER_SUPPORTED_LANGUAGES = "objective-c objective-c++";
				MODULE_VERIFIER_SUPPORTED_LANGUAGE_STANDARDS = "gnu11 gnu++20";
				PRODUCT_BUNDLE_IDENTIFIER = "-.StorageService";
				PRODUCT_NAME = "$(TARGET_NAME:c99extidentifier)";
				SKIP_INSTALL = YES;
				SWIFT_EMIT_LOC_STRINGS = YES;
				SWIFT_VERSION = 5.0;
				TARGETED_DEVICE_FAMILY = "1,2";
				VERSIONING_SYSTEM = "apple-generic";
				VERSION_INFO_PREFIX = "";
			};
			name = Release;
		};
		F67D72A02A0A27E7003DEE35 /* Debug */ = {
			isa = XCBuildConfiguration;
			buildSettings = {
				ALWAYS_EMBED_SWIFT_STANDARD_LIBRARIES = YES;
				CODE_SIGN_STYLE = Automatic;
				CURRENT_PROJECT_VERSION = 1;
				GENERATE_INFOPLIST_FILE = YES;
				IPHONEOS_DEPLOYMENT_TARGET = 13.0;
				MARKETING_VERSION = 1.0;
				PRODUCT_BUNDLE_IDENTIFIER = "-.StorageServiceTests";
				PRODUCT_NAME = "$(TARGET_NAME)";
				SWIFT_EMIT_LOC_STRINGS = NO;
				SWIFT_VERSION = 5.0;
				TARGETED_DEVICE_FAMILY = "1,2";
				TEST_HOST = "$(BUILT_PRODUCTS_DIR)/Navigation.app/$(BUNDLE_EXECUTABLE_FOLDER_PATH)/Navigation";
			};
			name = Debug;
		};
		F67D72A12A0A27E7003DEE35 /* Release */ = {
			isa = XCBuildConfiguration;
			buildSettings = {
				ALWAYS_EMBED_SWIFT_STANDARD_LIBRARIES = YES;
				CODE_SIGN_STYLE = Automatic;
				CURRENT_PROJECT_VERSION = 1;
				GENERATE_INFOPLIST_FILE = YES;
				IPHONEOS_DEPLOYMENT_TARGET = 13.0;
				MARKETING_VERSION = 1.0;
				PRODUCT_BUNDLE_IDENTIFIER = "-.StorageServiceTests";
				PRODUCT_NAME = "$(TARGET_NAME)";
				SWIFT_EMIT_LOC_STRINGS = NO;
				SWIFT_VERSION = 5.0;
				TARGETED_DEVICE_FAMILY = "1,2";
				TEST_HOST = "$(BUILT_PRODUCTS_DIR)/Navigation.app/$(BUNDLE_EXECUTABLE_FOLDER_PATH)/Navigation";
			};
			name = Release;
		};
		F6980260299BE2C3001ED7DE /* Debug */ = {
			isa = XCBuildConfiguration;
			buildSettings = {
				ALWAYS_SEARCH_USER_PATHS = NO;
				CLANG_ANALYZER_NONNULL = YES;
				CLANG_ANALYZER_NUMBER_OBJECT_CONVERSION = YES_AGGRESSIVE;
				CLANG_CXX_LANGUAGE_STANDARD = "gnu++20";
				CLANG_ENABLE_MODULES = YES;
				CLANG_ENABLE_OBJC_ARC = YES;
				CLANG_ENABLE_OBJC_WEAK = YES;
				CLANG_WARN_BLOCK_CAPTURE_AUTORELEASING = YES;
				CLANG_WARN_BOOL_CONVERSION = YES;
				CLANG_WARN_COMMA = YES;
				CLANG_WARN_CONSTANT_CONVERSION = YES;
				CLANG_WARN_DEPRECATED_OBJC_IMPLEMENTATIONS = YES;
				CLANG_WARN_DIRECT_OBJC_ISA_USAGE = YES_ERROR;
				CLANG_WARN_DOCUMENTATION_COMMENTS = YES;
				CLANG_WARN_EMPTY_BODY = YES;
				CLANG_WARN_ENUM_CONVERSION = YES;
				CLANG_WARN_INFINITE_RECURSION = YES;
				CLANG_WARN_INT_CONVERSION = YES;
				CLANG_WARN_NON_LITERAL_NULL_CONVERSION = YES;
				CLANG_WARN_OBJC_IMPLICIT_RETAIN_SELF = YES;
				CLANG_WARN_OBJC_LITERAL_CONVERSION = YES;
				CLANG_WARN_OBJC_ROOT_CLASS = YES_ERROR;
				CLANG_WARN_QUOTED_INCLUDE_IN_FRAMEWORK_HEADER = YES;
				CLANG_WARN_RANGE_LOOP_ANALYSIS = YES;
				CLANG_WARN_STRICT_PROTOTYPES = YES;
				CLANG_WARN_SUSPICIOUS_MOVE = YES;
				CLANG_WARN_UNGUARDED_AVAILABILITY = YES_AGGRESSIVE;
				CLANG_WARN_UNREACHABLE_CODE = YES;
				CLANG_WARN__DUPLICATE_METHOD_MATCH = YES;
				COPY_PHASE_STRIP = NO;
				DEBUG_INFORMATION_FORMAT = dwarf;
				ENABLE_STRICT_OBJC_MSGSEND = YES;
				ENABLE_TESTABILITY = YES;
				GCC_C_LANGUAGE_STANDARD = gnu11;
				GCC_DYNAMIC_NO_PIC = NO;
				GCC_NO_COMMON_BLOCKS = YES;
				GCC_OPTIMIZATION_LEVEL = 0;
				GCC_PREPROCESSOR_DEFINITIONS = (
					"DEBUG=1",
					"$(inherited)",
				);
				GCC_WARN_64_TO_32_BIT_CONVERSION = YES;
				GCC_WARN_ABOUT_RETURN_TYPE = YES_ERROR;
				GCC_WARN_UNDECLARED_SELECTOR = YES;
				GCC_WARN_UNINITIALIZED_AUTOS = YES_AGGRESSIVE;
				GCC_WARN_UNUSED_FUNCTION = YES;
				GCC_WARN_UNUSED_VARIABLE = YES;
				IPHONEOS_DEPLOYMENT_TARGET = 13.0;
				MTL_ENABLE_DEBUG_INFO = INCLUDE_SOURCE;
				MTL_FAST_MATH = YES;
				ONLY_ACTIVE_ARCH = YES;
				SDKROOT = iphoneos;
				SWIFT_ACTIVE_COMPILATION_CONDITIONS = DEBUG;
				SWIFT_OPTIMIZATION_LEVEL = "-Onone";
			};
			name = Debug;
		};
		F6980261299BE2C3001ED7DE /* Release */ = {
			isa = XCBuildConfiguration;
			buildSettings = {
				ALWAYS_SEARCH_USER_PATHS = NO;
				CLANG_ANALYZER_NONNULL = YES;
				CLANG_ANALYZER_NUMBER_OBJECT_CONVERSION = YES_AGGRESSIVE;
				CLANG_CXX_LANGUAGE_STANDARD = "gnu++20";
				CLANG_ENABLE_MODULES = YES;
				CLANG_ENABLE_OBJC_ARC = YES;
				CLANG_ENABLE_OBJC_WEAK = YES;
				CLANG_WARN_BLOCK_CAPTURE_AUTORELEASING = YES;
				CLANG_WARN_BOOL_CONVERSION = YES;
				CLANG_WARN_COMMA = YES;
				CLANG_WARN_CONSTANT_CONVERSION = YES;
				CLANG_WARN_DEPRECATED_OBJC_IMPLEMENTATIONS = YES;
				CLANG_WARN_DIRECT_OBJC_ISA_USAGE = YES_ERROR;
				CLANG_WARN_DOCUMENTATION_COMMENTS = YES;
				CLANG_WARN_EMPTY_BODY = YES;
				CLANG_WARN_ENUM_CONVERSION = YES;
				CLANG_WARN_INFINITE_RECURSION = YES;
				CLANG_WARN_INT_CONVERSION = YES;
				CLANG_WARN_NON_LITERAL_NULL_CONVERSION = YES;
				CLANG_WARN_OBJC_IMPLICIT_RETAIN_SELF = YES;
				CLANG_WARN_OBJC_LITERAL_CONVERSION = YES;
				CLANG_WARN_OBJC_ROOT_CLASS = YES_ERROR;
				CLANG_WARN_QUOTED_INCLUDE_IN_FRAMEWORK_HEADER = YES;
				CLANG_WARN_RANGE_LOOP_ANALYSIS = YES;
				CLANG_WARN_STRICT_PROTOTYPES = YES;
				CLANG_WARN_SUSPICIOUS_MOVE = YES;
				CLANG_WARN_UNGUARDED_AVAILABILITY = YES_AGGRESSIVE;
				CLANG_WARN_UNREACHABLE_CODE = YES;
				CLANG_WARN__DUPLICATE_METHOD_MATCH = YES;
				COPY_PHASE_STRIP = NO;
				DEBUG_INFORMATION_FORMAT = "dwarf-with-dsym";
				ENABLE_NS_ASSERTIONS = NO;
				ENABLE_STRICT_OBJC_MSGSEND = YES;
				GCC_C_LANGUAGE_STANDARD = gnu11;
				GCC_NO_COMMON_BLOCKS = YES;
				GCC_WARN_64_TO_32_BIT_CONVERSION = YES;
				GCC_WARN_ABOUT_RETURN_TYPE = YES_ERROR;
				GCC_WARN_UNDECLARED_SELECTOR = YES;
				GCC_WARN_UNINITIALIZED_AUTOS = YES_AGGRESSIVE;
				GCC_WARN_UNUSED_FUNCTION = YES;
				GCC_WARN_UNUSED_VARIABLE = YES;
				IPHONEOS_DEPLOYMENT_TARGET = 13.0;
				MTL_ENABLE_DEBUG_INFO = NO;
				MTL_FAST_MATH = YES;
				SDKROOT = iphoneos;
				SWIFT_COMPILATION_MODE = wholemodule;
				SWIFT_OPTIMIZATION_LEVEL = "-O";
				VALIDATE_PRODUCT = YES;
			};
			name = Release;
		};
		F6980263299BE2C3001ED7DE /* Debug */ = {
			isa = XCBuildConfiguration;
			baseConfigurationReference = 5D41D1C6C5B165B828C6EFF7 /* Pods-Navigation.debug.xcconfig */;
			buildSettings = {
				ALWAYS_EMBED_SWIFT_STANDARD_LIBRARIES = YES;
				ASSETCATALOG_COMPILER_APPICON_NAME = AppIcon;
				ASSETCATALOG_COMPILER_GLOBAL_ACCENT_COLOR_NAME = AccentColor;
				CODE_SIGN_STYLE = Automatic;
				CURRENT_PROJECT_VERSION = 1;
				GENERATE_INFOPLIST_FILE = YES;
				INFOPLIST_FILE = Navigation/Info.plist;
				INFOPLIST_KEY_UIApplicationSupportsIndirectInputEvents = YES;
				INFOPLIST_KEY_UILaunchStoryboardName = LaunchScreen;
				INFOPLIST_KEY_UISupportedInterfaceOrientations_iPad = "UIInterfaceOrientationPortrait UIInterfaceOrientationPortraitUpsideDown UIInterfaceOrientationLandscapeLeft UIInterfaceOrientationLandscapeRight";
				INFOPLIST_KEY_UISupportedInterfaceOrientations_iPhone = "UIInterfaceOrientationPortrait UIInterfaceOrientationLandscapeLeft UIInterfaceOrientationLandscapeRight";
				IPHONEOS_DEPLOYMENT_TARGET = 13.0;
				LD_RUNPATH_SEARCH_PATHS = (
					"$(inherited)",
					"@executable_path/Frameworks",
				);
				MARKETING_VERSION = 1.0;
				PRODUCT_BUNDLE_IDENTIFIER = "-.Navigation";
				PRODUCT_NAME = "$(TARGET_NAME)";
				SUPPORTED_PLATFORMS = "iphoneos iphonesimulator";
				SUPPORTS_MACCATALYST = NO;
				SUPPORTS_MAC_DESIGNED_FOR_IPHONE_IPAD = NO;
				SWIFT_EMIT_LOC_STRINGS = YES;
				SWIFT_VERSION = 5.0;
				TARGETED_DEVICE_FAMILY = "1,2";
			};
			name = Debug;
		};
		F6980264299BE2C3001ED7DE /* Release */ = {
			isa = XCBuildConfiguration;
			baseConfigurationReference = C5C48C0C2E0DEE8D34738877 /* Pods-Navigation.release.xcconfig */;
			buildSettings = {
				ALWAYS_EMBED_SWIFT_STANDARD_LIBRARIES = YES;
				ASSETCATALOG_COMPILER_APPICON_NAME = AppIcon;
				ASSETCATALOG_COMPILER_GLOBAL_ACCENT_COLOR_NAME = AccentColor;
				CODE_SIGN_STYLE = Automatic;
				CURRENT_PROJECT_VERSION = 1;
				GENERATE_INFOPLIST_FILE = YES;
				INFOPLIST_FILE = Navigation/Info.plist;
				INFOPLIST_KEY_UIApplicationSupportsIndirectInputEvents = YES;
				INFOPLIST_KEY_UILaunchStoryboardName = LaunchScreen;
				INFOPLIST_KEY_UISupportedInterfaceOrientations_iPad = "UIInterfaceOrientationPortrait UIInterfaceOrientationPortraitUpsideDown UIInterfaceOrientationLandscapeLeft UIInterfaceOrientationLandscapeRight";
				INFOPLIST_KEY_UISupportedInterfaceOrientations_iPhone = "UIInterfaceOrientationPortrait UIInterfaceOrientationLandscapeLeft UIInterfaceOrientationLandscapeRight";
				IPHONEOS_DEPLOYMENT_TARGET = 13.0;
				LD_RUNPATH_SEARCH_PATHS = (
					"$(inherited)",
					"@executable_path/Frameworks",
				);
				MARKETING_VERSION = 1.0;
				PRODUCT_BUNDLE_IDENTIFIER = "-.Navigation";
				PRODUCT_NAME = "$(TARGET_NAME)";
				SUPPORTED_PLATFORMS = "iphoneos iphonesimulator";
				SUPPORTS_MACCATALYST = NO;
				SUPPORTS_MAC_DESIGNED_FOR_IPHONE_IPAD = NO;
				SWIFT_EMIT_LOC_STRINGS = YES;
				SWIFT_VERSION = 5.0;
				TARGETED_DEVICE_FAMILY = "1,2";
			};
			name = Release;
		};
/* End XCBuildConfiguration section */

/* Begin XCConfigurationList section */
		F67D72A22A0A27E7003DEE35 /* Build configuration list for PBXNativeTarget "StorageService" */ = {
			isa = XCConfigurationList;
			buildConfigurations = (
				F67D729E2A0A27E7003DEE35 /* Debug */,
				F67D729F2A0A27E7003DEE35 /* Release */,
			);
			defaultConfigurationIsVisible = 0;
			defaultConfigurationName = Release;
		};
		F67D72A32A0A27E7003DEE35 /* Build configuration list for PBXNativeTarget "StorageServiceTests" */ = {
			isa = XCConfigurationList;
			buildConfigurations = (
				F67D72A02A0A27E7003DEE35 /* Debug */,
				F67D72A12A0A27E7003DEE35 /* Release */,
			);
			defaultConfigurationIsVisible = 0;
			defaultConfigurationName = Release;
		};
		F6980249299BE2C2001ED7DE /* Build configuration list for PBXProject "Navigation" */ = {
			isa = XCConfigurationList;
			buildConfigurations = (
				F6980260299BE2C3001ED7DE /* Debug */,
				F6980261299BE2C3001ED7DE /* Release */,
			);
			defaultConfigurationIsVisible = 0;
			defaultConfigurationName = Release;
		};
		F6980262299BE2C3001ED7DE /* Build configuration list for PBXNativeTarget "Navigation" */ = {
			isa = XCConfigurationList;
			buildConfigurations = (
				F6980263299BE2C3001ED7DE /* Debug */,
				F6980264299BE2C3001ED7DE /* Release */,
			);
			defaultConfigurationIsVisible = 0;
			defaultConfigurationName = Release;
		};
/* End XCConfigurationList section */

/* Begin XCRemoteSwiftPackageReference section */
		F6C83ADA2A10CDE400ED4819 /* XCRemoteSwiftPackageReference "iOSIntPackage" */ = {
			isa = XCRemoteSwiftPackageReference;
			repositoryURL = "https://github.com/TrueMax/iOSIntPackage";
			requirement = {
				kind = upToNextMajorVersion;
				minimumVersion = 2.0.0;
			};
		};
/* End XCRemoteSwiftPackageReference section */

/* Begin XCSwiftPackageProductDependency section */
		F6C83ADB2A10CDE400ED4819 /* iOSIntPackage */ = {
			isa = XCSwiftPackageProductDependency;
			package = F6C83ADA2A10CDE400ED4819 /* XCRemoteSwiftPackageReference "iOSIntPackage" */;
			productName = iOSIntPackage;
		};
/* End XCSwiftPackageProductDependency section */
	};
	rootObject = F6980246299BE2C2001ED7DE /* Project object */;
}
